<?xml version="1.0" encoding="utf-8"?>
<Project ToolsVersion="4.0" xmlns="http://schemas.microsoft.com/developer/msbuild/2003">
  <ItemGroup>
    <Filter Include="소스 파일">
      <UniqueIdentifier>{4FC737F1-C7A5-4376-A066-2A32D752A2FF}</UniqueIdentifier>
      <Extensions>cpp;c;cc;cxx;c++;def;odl;idl;hpj;bat;asm;asmx</Extensions>
    </Filter>
    <Filter Include="헤더 파일">
      <UniqueIdentifier>{93995380-89BD-4b04-88EB-625FBE52EBFB}</UniqueIdentifier>
      <Extensions>h;hh;hpp;hxx;h++;hm;inl;inc;ipp;xsd</Extensions>
    </Filter>
    <Filter Include="리소스 파일">
      <UniqueIdentifier>{67DA6AB6-F800-4c08-8B7A-83BB121AAD01}</UniqueIdentifier>
      <Extensions>rc;ico;cur;bmp;dlg;rc2;rct;bin;rgs;gif;jpg;jpeg;jpe;resx;tiff;tif;png;wav;mfcribbon-ms</Extensions>
    </Filter>
    <Filter Include="소스 파일\코드 구현력 기르기">
      <UniqueIdentifier>{26335cbf-c173-4c3c-b808-c55a0597b0d5}</UniqueIdentifier>
    </Filter>
  </ItemGroup>
  <ItemGroup>
    <ClInclude Include="stdafx.h">
      <Filter>헤더 파일</Filter>
    </ClInclude>
    <ClInclude Include="resource.h">
      <Filter>헤더 파일</Filter>
    </ClInclude>
    <ClInclude Include="resource1.h">
      <Filter>헤더 파일</Filter>
    </ClInclude>
  </ItemGroup>
  <ItemGroup>
    <ClCompile Include="stdafx.cpp">
      <Filter>소스 파일</Filter>
    </ClCompile>
    <ClCompile Include="Main.cpp">
      <Filter>소스 파일</Filter>
    </ClCompile>
    <ClCompile Include="1. 1부터 N까지 M배수의 합.cpp">
      <Filter>소스 파일\코드 구현력 기르기</Filter>
    </ClCompile>
    <ClCompile Include="4. 나이차이.cpp">
      <Filter>소스 파일\코드 구현력 기르기</Filter>
    </ClCompile>
    <ClCompile Include="2. 자연수의 합.cpp">
      <Filter>소스 파일\코드 구현력 기르기</Filter>
    </ClCompile>
    <ClCompile Include="3. 진약수의 합.cpp">
      <Filter>소스 파일\코드 구현력 기르기</Filter>
    </ClCompile>
    <ClCompile Include="5. 나이계산.cpp">
      <Filter>소스 파일\코드 구현력 기르기</Filter>
    </ClCompile>
    <ClCompile Include="6. 숫자만 추출.cpp">
      <Filter>소스 파일\코드 구현력 기르기</Filter>
    </ClCompile>
    <ClCompile Include="07. 영어단어 복구.cpp">
      <Filter>소스 파일\코드 구현력 기르기</Filter>
    </ClCompile>
    <ClCompile Include="08. 올바른 괄호.cpp">
      <Filter>소스 파일\코드 구현력 기르기</Filter>
    </ClCompile>
    <ClCompile Include="09. 모두의 약수.cpp">
      <Filter>소스 파일\코드 구현력 기르기</Filter>
    </ClCompile>
    <ClCompile Include="10. 자릿수의 합.cpp">
      <Filter>소스 파일\코드 구현력 기르기</Filter>
    </ClCompile>
    <ClCompile Include="11. 숫자의 총 개수%28small%29.cpp">
      <Filter>소스 파일\코드 구현력 기르기</Filter>
    </ClCompile>
    <ClCompile Include="12. 숫자의 총 개수(Big).cpp">
      <Filter>소스 파일\코드 구현력 기르기</Filter>
    </ClCompile>
    <ClCompile Include="13. 가장 많이 사용된 자릿수.cpp">
      <Filter>소스 파일\코드 구현력 기르기</Filter>
    </ClCompile>
    <ClCompile Include="14. 뒤집은 소수.cpp">
      <Filter>소스 파일\코드 구현력 기르기</Filter>
    </ClCompile>
    <ClCompile Include="15. 소수의 개수.cpp">
      <Filter>소스 파일\코드 구현력 기르기</Filter>
    </ClCompile>
  </ItemGroup>
  <ItemGroup>
    <Text Include="input.txt">
      <Filter>리소스 파일</Filter>
    </Text>
  </ItemGroup>
</Project>