<?xml version="1.0" encoding="utf-8"?>
<Project ToolsVersion="4.0" xmlns="http://schemas.microsoft.com/developer/msbuild/2003">
  <ItemGroup>
    <Filter Include="소스 파일">
      <UniqueIdentifier>{4FC737F1-C7A5-4376-A066-2A32D752A2FF}</UniqueIdentifier>
      <Extensions>cpp;c;cc;cxx;c++;def;odl;idl;hpj;bat;asm;asmx</Extensions>
    </Filter>
    <Filter Include="헤더 파일">
      <UniqueIdentifier>{93995380-89BD-4b04-88EB-625FBE52EBFB}</UniqueIdentifier>
      <Extensions>h;hh;hpp;hxx;h++;hm;inl;inc;ipp;xsd</Extensions>
    </Filter>
    <Filter Include="리소스 파일">
      <UniqueIdentifier>{67DA6AB6-F800-4c08-8B7A-83BB121AAD01}</UniqueIdentifier>
      <Extensions>rc;ico;cur;bmp;dlg;rc2;rct;bin;rgs;gif;jpg;jpeg;jpe;resx;tiff;tif;png;wav;mfcribbon-ms</Extensions>
    </Filter>
    <Filter Include="소스 파일\코드 구현력 기르기">
      <UniqueIdentifier>{26335cbf-c173-4c3c-b808-c55a0597b0d5}</UniqueIdentifier>
    </Filter>
    <Filter Include="소스 파일\정렬&amp;이분탐색%28결정 알고리즘%29&amp;투포인트알고리즘">
      <UniqueIdentifier>{490277d6-9071-4b89-bb16-4384b8dd7768}</UniqueIdentifier>
    </Filter>
    <Filter Include="소스 파일\재귀 &amp; 깊이/넓이 우선탐색%28DFS, BFS%29">
      <UniqueIdentifier>{6e8d0551-4719-4e70-8f16-fcaef1a306a5}</UniqueIdentifier>
    </Filter>
  </ItemGroup>
  <ItemGroup>
    <ClInclude Include="stdafx.h">
      <Filter>헤더 파일</Filter>
    </ClInclude>
    <ClInclude Include="resource.h">
      <Filter>헤더 파일</Filter>
    </ClInclude>
    <ClInclude Include="resource1.h">
      <Filter>헤더 파일</Filter>
    </ClInclude>
  </ItemGroup>
  <ItemGroup>
    <ClCompile Include="stdafx.cpp">
      <Filter>소스 파일</Filter>
    </ClCompile>
    <ClCompile Include="Main.cpp">
      <Filter>소스 파일</Filter>
    </ClCompile>
    <ClCompile Include="1. 1부터 N까지 M배수의 합.cpp">
      <Filter>소스 파일\코드 구현력 기르기</Filter>
    </ClCompile>
    <ClCompile Include="4. 나이차이.cpp">
      <Filter>소스 파일\코드 구현력 기르기</Filter>
    </ClCompile>
    <ClCompile Include="2. 자연수의 합.cpp">
      <Filter>소스 파일\코드 구현력 기르기</Filter>
    </ClCompile>
    <ClCompile Include="3. 진약수의 합.cpp">
      <Filter>소스 파일\코드 구현력 기르기</Filter>
    </ClCompile>
    <ClCompile Include="5. 나이계산.cpp">
      <Filter>소스 파일\코드 구현력 기르기</Filter>
    </ClCompile>
    <ClCompile Include="6. 숫자만 추출.cpp">
      <Filter>소스 파일\코드 구현력 기르기</Filter>
    </ClCompile>
    <ClCompile Include="07. 영어단어 복구.cpp">
      <Filter>소스 파일\코드 구현력 기르기</Filter>
    </ClCompile>
    <ClCompile Include="08. 올바른 괄호.cpp">
      <Filter>소스 파일\코드 구현력 기르기</Filter>
    </ClCompile>
    <ClCompile Include="09. 모두의 약수.cpp">
      <Filter>소스 파일\코드 구현력 기르기</Filter>
    </ClCompile>
    <ClCompile Include="10. 자릿수의 합.cpp">
      <Filter>소스 파일\코드 구현력 기르기</Filter>
    </ClCompile>
    <ClCompile Include="11. 숫자의 총 개수%28small%29.cpp">
      <Filter>소스 파일\코드 구현력 기르기</Filter>
    </ClCompile>
    <ClCompile Include="12. 숫자의 총 개수(Big).cpp">
      <Filter>소스 파일\코드 구현력 기르기</Filter>
    </ClCompile>
    <ClCompile Include="13. 가장 많이 사용된 자릿수.cpp">
      <Filter>소스 파일\코드 구현력 기르기</Filter>
    </ClCompile>
    <ClCompile Include="14. 뒤집은 소수.cpp">
      <Filter>소스 파일\코드 구현력 기르기</Filter>
    </ClCompile>
    <ClCompile Include="15. 소수의 개수.cpp">
      <Filter>소스 파일\코드 구현력 기르기</Filter>
    </ClCompile>
    <ClCompile Include="16. Anagram.cpp">
      <Filter>소스 파일\코드 구현력 기르기</Filter>
    </ClCompile>
    <ClCompile Include="17. 선생님 퀴즈.cpp">
      <Filter>소스 파일\코드 구현력 기르기</Filter>
    </ClCompile>
    <ClCompile Include="18. 층간소음.cpp">
      <Filter>소스 파일\코드 구현력 기르기</Filter>
    </ClCompile>
    <ClCompile Include="19. 분노 유발자.cpp">
      <Filter>소스 파일\코드 구현력 기르기</Filter>
    </ClCompile>
    <ClCompile Include="20. 가위 바위 보.cpp">
      <Filter>소스 파일\코드 구현력 기르기</Filter>
    </ClCompile>
    <ClCompile Include="21. 카드게임.cpp">
      <Filter>소스 파일\코드 구현력 기르기</Filter>
    </ClCompile>
    <ClCompile Include="22. 온도의 최대값.cpp">
      <Filter>소스 파일\코드 구현력 기르기</Filter>
    </ClCompile>
    <ClCompile Include="23. 연속 부분 증가수열.cpp">
      <Filter>소스 파일\코드 구현력 기르기</Filter>
    </ClCompile>
    <ClCompile Include="24. Jolly Jumpers.cpp">
      <Filter>소스 파일\코드 구현력 기르기</Filter>
    </ClCompile>
    <ClCompile Include="25. 석차 구하기.cpp">
      <Filter>소스 파일\코드 구현력 기르기</Filter>
    </ClCompile>
    <ClCompile Include="26. 마라톤.cpp">
      <Filter>소스 파일\코드 구현력 기르기</Filter>
    </ClCompile>
    <ClCompile Include="27. N!의 표현법.cpp">
      <Filter>소스 파일\코드 구현력 기르기</Filter>
    </ClCompile>
    <ClCompile Include="28. N!에서 0의 개수.cpp">
      <Filter>소스 파일\코드 구현력 기르기</Filter>
    </ClCompile>
    <ClCompile Include="29. 3의 개수(small).cpp">
      <Filter>소스 파일\코드 구현력 기르기</Filter>
    </ClCompile>
    <ClCompile Include="30. 3의 개수(large).cpp">
      <Filter>소스 파일\코드 구현력 기르기</Filter>
    </ClCompile>
    <ClCompile Include="31. 탄화수소 질량 구하기.cpp">
      <Filter>소스 파일\코드 구현력 기르기</Filter>
    </ClCompile>
    <ClCompile Include="32. 선택 정렬.cpp">
      <Filter>소스 파일\정렬&amp;이분탐색%28결정 알고리즘%29&amp;투포인트알고리즘</Filter>
    </ClCompile>
    <ClCompile Include="33. 3등의 성적.cpp">
      <Filter>소스 파일\정렬&amp;이분탐색%28결정 알고리즘%29&amp;투포인트알고리즘</Filter>
    </ClCompile>
    <ClCompile Include="34. 버블정렬.cpp">
      <Filter>소스 파일\정렬&amp;이분탐색%28결정 알고리즘%29&amp;투포인트알고리즘</Filter>
    </ClCompile>
    <ClCompile Include="35. Special Sort(구글).cpp">
      <Filter>소스 파일\정렬&amp;이분탐색%28결정 알고리즘%29&amp;투포인트알고리즘</Filter>
    </ClCompile>
    <ClCompile Include="36. 선택정렬.cpp">
      <Filter>소스 파일\정렬&amp;이분탐색%28결정 알고리즘%29&amp;투포인트알고리즘</Filter>
    </ClCompile>
    <ClCompile Include="37. Least Recently Used.cpp">
      <Filter>소스 파일\정렬&amp;이분탐색%28결정 알고리즘%29&amp;투포인트알고리즘</Filter>
    </ClCompile>
    <ClCompile Include="38. Inversion Sequence.cpp">
      <Filter>소스 파일\정렬&amp;이분탐색%28결정 알고리즘%29&amp;투포인트알고리즘</Filter>
    </ClCompile>
    <ClCompile Include="39. 두 배열 합치기.cpp">
      <Filter>소스 파일\정렬&amp;이분탐색%28결정 알고리즘%29&amp;투포인트알고리즘</Filter>
    </ClCompile>
    <ClCompile Include="40. 교집합(투포인트 알고리즘).cpp">
      <Filter>소스 파일\정렬&amp;이분탐색%28결정 알고리즘%29&amp;투포인트알고리즘</Filter>
    </ClCompile>
    <ClCompile Include="41. 연속된 두 자연수의 합.cpp">
      <Filter>소스 파일\정렬&amp;이분탐색%28결정 알고리즘%29&amp;투포인트알고리즘</Filter>
    </ClCompile>
    <ClCompile Include="42. 뮤직비디오(이분검색 응용).cpp">
      <Filter>소스 파일\정렬&amp;이분탐색%28결정 알고리즘%29&amp;투포인트알고리즘</Filter>
    </ClCompile>
    <ClCompile Include="44. 마구간 정하기(이분검색 응용).cpp">
      <Filter>소스 파일\정렬&amp;이분탐색%28결정 알고리즘%29&amp;투포인트알고리즘</Filter>
    </ClCompile>
    <ClCompile Include="45. 공주구하기.cpp">
      <Filter>소스 파일\정렬&amp;이분탐색%28결정 알고리즘%29&amp;투포인트알고리즘</Filter>
    </ClCompile>
    <ClCompile Include="42. 이분검색.cpp">
      <Filter>소스 파일\정렬&amp;이분탐색%28결정 알고리즘%29&amp;투포인트알고리즘</Filter>
    </ClCompile>
    <ClCompile Include="46. 멀티태스킹(카카오 먹방 문제 변형).cpp">
      <Filter>소스 파일\정렬&amp;이분탐색%28결정 알고리즘%29&amp;투포인트알고리즘</Filter>
    </ClCompile>
    <ClCompile Include="47. 봉우리.cpp">
      <Filter>소스 파일\정렬&amp;이분탐색%28결정 알고리즘%29&amp;투포인트알고리즘</Filter>
    </ClCompile>
    <ClCompile Include="48. 각 행의 평균과 가장 가까운 값.cpp">
      <Filter>소스 파일\정렬&amp;이분탐색%28결정 알고리즘%29&amp;투포인트알고리즘</Filter>
    </ClCompile>
    <ClCompile Include="49. 블록의 최댓값.cpp">
      <Filter>소스 파일\정렬&amp;이분탐색%28결정 알고리즘%29&amp;투포인트알고리즘</Filter>
    </ClCompile>
    <ClCompile Include="50. 영지선택(small).cpp">
      <Filter>소스 파일\정렬&amp;이분탐색%28결정 알고리즘%29&amp;투포인트알고리즘</Filter>
    </ClCompile>
    <ClCompile Include="51. 영지선택(large).cpp">
      <Filter>소스 파일\정렬&amp;이분탐색%28결정 알고리즘%29&amp;투포인트알고리즘</Filter>
    </ClCompile>
    <ClCompile Include="52. Ugly Numbers.cpp">
      <Filter>소스 파일\정렬&amp;이분탐색%28결정 알고리즘%29&amp;투포인트알고리즘</Filter>
    </ClCompile>
    <ClCompile Include="53. k진수 출력.cpp">
      <Filter>소스 파일\정렬&amp;이분탐색%28결정 알고리즘%29&amp;투포인트알고리즘</Filter>
    </ClCompile>
    <ClCompile Include="54. 올바른 괄호(stack).cpp">
      <Filter>소스 파일\정렬&amp;이분탐색%28결정 알고리즘%29&amp;투포인트알고리즘</Filter>
    </ClCompile>
    <ClCompile Include="55. 기차운행(stack운용).cpp">
      <Filter>소스 파일\정렬&amp;이분탐색%28결정 알고리즘%29&amp;투포인트알고리즘</Filter>
    </ClCompile>
    <ClCompile Include="56. 재귀 함수 분석.cpp">
      <Filter>소스 파일\재귀 &amp; 깊이/넓이 우선탐색%28DFS, BFS%29</Filter>
    </ClCompile>
    <ClCompile Include="57. 재귀함수 이진 출력.cpp">
      <Filter>소스 파일\재귀 &amp; 깊이/넓이 우선탐색%28DFS, BFS%29</Filter>
    </ClCompile>
    <ClCompile Include="58. 이진트리 깊이우선탐색(DPS).cpp">
      <Filter>소스 파일\재귀 &amp; 깊이/넓이 우선탐색%28DFS, BFS%29</Filter>
    </ClCompile>
    <ClCompile Include="59. 부분집합(DFS).cpp">
      <Filter>소스 파일\재귀 &amp; 깊이/넓이 우선탐색%28DFS, BFS%29</Filter>
    </ClCompile>
    <ClCompile Include="60. 합이 같은 부분 집합(DFS아마존 인터뷰).cpp">
      <Filter>소스 파일\재귀 &amp; 깊이/넓이 우선탐색%28DFS, BFS%29</Filter>
    </ClCompile>
    <ClCompile Include="61. 특정수 만들기(DFS, MS 인터뷰).cpp">
      <Filter>소스 파일\재귀 &amp; 깊이/넓이 우선탐색%28DFS, BFS%29</Filter>
    </ClCompile>
    <ClCompile Include="62. 병합정렬.cpp">
      <Filter>소스 파일\재귀 &amp; 깊이/넓이 우선탐색%28DFS, BFS%29</Filter>
    </ClCompile>
    <ClCompile Include="63. 인접행렬(가중치 그래프).cpp">
      <Filter>소스 파일\재귀 &amp; 깊이/넓이 우선탐색%28DFS, BFS%29</Filter>
    </ClCompile>
    <ClCompile Include="64. 경로 탐색(DFS).cpp">
      <Filter>소스 파일\재귀 &amp; 깊이/넓이 우선탐색%28DFS, BFS%29</Filter>
    </ClCompile>
    <ClCompile Include="65. 미로탐색(DFS).cpp">
      <Filter>소스 파일\재귀 &amp; 깊이/넓이 우선탐색%28DFS, BFS%29</Filter>
    </ClCompile>
  </ItemGroup>
  <ItemGroup>
    <Text Include="input.txt">
      <Filter>리소스 파일</Filter>
    </Text>
  </ItemGroup>
</Project>